
Microsoft Visual Studio Solution File, Format Version 12.00
# Visual Studio Version 17
VisualStudioVersion = 17.8.34330.188
MinimumVisualStudioVersion = 10.0.40219.1
Project("{888888A0-9F3D-457C-B088-3A5042F75D52}") = "Neuroglia.Python", "Neuroglia.Python.pyproj", "{FC092444-9B0A-459E-BC9C-1E5C9F9F4741}"
EndProject
Global
	GlobalSection(SolutionConfigurationPlatforms) = preSolution
		Debug|Any CPU = Debug|Any CPU
		Release|Any CPU = Release|Any CPU
	EndGlobalSection
	GlobalSection(ProjectConfigurationPlatforms) = postSolution
		{FC092444-9B0A-459E-BC9C-1E5C9F9F4741}.Debug|Any CPU.ActiveCfg = Debug|Any CPU
		{FC092444-9B0A-459E-BC9C-1E5C9F9F4741}.Release|Any CPU.ActiveCfg = Release|Any CPU
	EndGlobalSection
	GlobalSection(SolutionProperties) = preSolution
		HideSolutionNode = FALSE
	EndGlobalSection
	GlobalSection(ExtensibilityGlobals) = postSolution
		SolutionGuid = {A1C81FED-BBE1-4420-852A-DD54BB3D32BD}
	EndGlobalSection
EndGlobal
